<Solution>
  <Folder Name="/Apps/">
    <Project Path="Apps/DemoApp/DemoApp.csproj" />
  </Folder>
  <Folder Name="/Day-02-Control/">
    <Project Path="Day-02-Control/AssignmentLoops/AssignmentLoops.csproj" />
    <Project Path="Day-02-Control/Assignments/Assignments.csproj" />
  </Folder>
  <Folder Name="/Day-03-Oops/">
    <Project Path="Day-03-Oops/OOPS/OOPS.csproj" />
  </Folder>
  <Folder Name="/Day-04-Inheritance/">
    <Project Path="Day-04-Inheritance/Inheritance/Inheritance.csproj" />
  </Folder>
  <Folder Name="/Day-04-Inheritance/Libs/">
    <Project Path="Day-04-Inheritance/Libs/MathLib/MathLib.csproj" />
    <Project Path="Day-04-Inheritance/Libs/ScienceLib/ScienceLib.csproj" />
  </Folder>
  <Folder Name="/Day-05-Abstract-Inheri/">
    <Project Path="Day-05-Abstract-Inheri/Abstract/Abstract.csproj" />
  </Folder>
  <Folder Name="/Day-06-Interface/">
    <Project Path="Day-06-Interface/Interface/Interface.csproj" />
    <Project Path="Day-06-Interface/MultipleInheritance/MultipleInheritance.csproj" />
  </Folder>
  <Folder Name="/Day-07-Multiplnheritance/">
    <Project Path="Day-07-Multiplnheritance/MultipleInheritance/MultipleInheritance.csproj" />
  </Folder>
  <Folder Name="/Day-08-FolderStruct/">
    <Project Path="Day-08-FolderStruct/MainFile/MainFile.csproj" />
  </Folder>
  <Folder Name="/Day-09-Indexer-Static/">
    <Project Path="Day-09-Indexer-Static/GenericandStatic/GenericandStatic.csproj" />
    <Project Path="Day-09-Indexer-Static/Indexer/Indexer.csproj" />
  </Folder>
  <Folder Name="/Day-10-ExtenAndRegEx/">
    <Project Path="Day-10-ExtenAndRegEx/CollectionGeneric/CollectionGeneric.csproj" />
    <Project Path="Day-10-ExtenAndRegEx/Extensions/Extensions.csproj" />
    <Project Path="Day-10-ExtenAndRegEx/Garbage/Garbage.csproj" />
  </Folder>
  <Folder Name="/Day-11-Serialization-Delegates/">
    <Project Path="Day-11-Serialization-Delegates/Serialization/Serialization.csproj" />
  </Folder>
  <Folder Name="/Day-12-Reflection/">
    <Project Path="Day-12-Reflection/Example/Example.csproj" />
    <Project Path="Day-12-Reflection/Reflection/Reflection.csproj" />
  </Folder>
  <Folder Name="/Day-13-Enum/">
    <Project Path="Day-13-Enum/miscellaneous/miscellaneous.csproj" />
  </Folder>
  <Folder Name="/Day-14-LINQ/">
    <Project Path="Day-14-LINQ/Linq/Linq.csproj" />
  </Folder>
  <Folder Name="/Day-15-Generic-And-Threads/">
    <Project Path="Day-15-Generic-And-Threads/GenericMethodAndDelegateTypes/GenericMethod.csproj" />
    <Project Path="Day-15-Generic-And-Threads/Threads/Threads.csproj" />
  </Folder>
  <Folder Name="/Day-15-Generic-And-Threads/GenericMethodAndDelegateTypes/" />
  <Folder Name="/Day-16-PracticeQuestions/">
    <Project Path="Day-16-PracticeQuestions/Questions/Questions.csproj" />
  </Folder>
  <Folder Name="/Day-17-MoreQuestions/">
    <Project Path="Day-17-MoreQuestions/Questions/Ques.csproj" />
  </Folder>
  <Folder Name="/Day-17-MoreQuestions/Questions/" />
  <Folder Name="/Day-18-Attributes/">
    <Project Path="Day-18-Attributes/Att/Att.csproj" />
  </Folder>
  <Folder Name="/Day-19-PettyCash-Manager/">
    <Project Path="Day-19-PettyCash-Manager/PettyCash/PettyCash.csproj" />
  </Folder>
  <Folder Name="/Day-20-PracticeQuestions/">
    <Project Path="Day-20-PracticeQuestions/Run.csproj" />
  </Folder>
  <Folder Name="/Day-21-Unit-Testing/">
    <Project Path="Day-21-Unit-Testing/EmployeeApp.Core/EmployeeApp.Core.csproj" />
    <Project Path="Day-21-Unit-Testing/EmployeeApp.Tests/EmployeeApp.Tests.csproj" />
  </Folder>
  <Folder Name="/Day-22-TopicwisePrac/" />
  <Folder Name="/Day-22-TopicwisePrac/GenericPrac/">
    <Project Path="Day-22-TopicwisePrac/GenericPrac/P.csproj" />
  </Folder>
  <Folder Name="/Day-23-TopBrainAssesment/">
    <Project Path="Day-23-TopBrainAssesment/Assesment.csproj" />
  </Folder>
  <Folder Name="/Day-24-ExceptionHandlingQues/">
    <Project Path="Day-24-ExceptionHandlingQues/Ques.csproj" />
  </Folder>
  <Folder Name="/Day-25-MoreQuestions/">
    <Project Path="Day-25-MoreQuestions/GymStream/GymStream.csproj" />
    <Project Path="Day-25-MoreQuestions/LMS/LMS.csproj" />
    <Project Path="Day-25-MoreQuestions/Logistics/Logistics.csproj" />
  </Folder>
  
  <Folder Name="/Day-26.1-M1QuesPrac/">
    <Project Path="Day-26.1-M1QuesPrac/Banking/Banking.csproj" />
    <Project Path="Day-26.1-M1QuesPrac/CabFare/CabFare.csproj" />
    <Project Path="Day-26.1-M1QuesPrac/ECOmmerceDiscount/ECOmmerceDiscount.csproj" />
    <Project Path="Day-26.1-M1QuesPrac/EmployeeOnboarding/EmployeeOnboarding.csproj" />
    <Project Path="Day-26.1-M1QuesPrac/LibraryComposite/LibraryComposite.csproj" />
    <Project Path="Day-26.1-M1QuesPrac/Notification/Notification.csproj" />
    <Project Path="Day-26.1-M1QuesPrac/StaticCountObjectCount/StaticCountObjectCount.csproj" />
    <Project Path="Day-26.1-M1QuesPrac/StringQues/StringQues.csproj" />
    <Project Path="Day-26.1-M1QuesPrac/StudentResult/StudentResult.csproj" />
  </Folder>
  <Folder Name="/Day-26.1-M1QuesPrac/PramaterTypes/">
    <Project Path="Day-26.1-M1QuesPrac/PramaterTypes/Prac.csproj" />
  </Folder>
  <Folder Name="/Day-26.2-AsynchAwait/">
    <Project Path="Day-26.2-AsynchAwait/Prac/Prac.csproj" />
  </Folder>
  <Folder Name="/Day-27-StringQues/">
    <Project Path="Day-27-StringQues/Prac.csproj" />
  </Folder>
  <Folder Name="/Day-28-Ado.NetTrial/">
    <Project Path="Day-28-Ado.NetTrial/proj.csproj" />
  </Folder>
  <Folder Name="/PracticeQuestion/">
    <Project Path="PracticeQuestion/M1/M1.csproj" />
  </Folder>
  <Folder Name="/PracticeQuestion/01LibraryManagementSystem/">
    <Project Path="PracticeQuestion/01LibraryManagementSystem/LMS.csproj" />
  </Folder>
  <Folder Name="/PracticeQuestion/02HotelRoomBookingSystem/" />
  <Folder Name="/PracticeQuestion/02HotelRoomBookingSystem/HotelRoomBooking/">
    <Project Path="PracticeQuestion/02HotelRoomBookingSystem/HotelRoomBooking/HRM.csproj" />
  </Folder>
  <Folder Name="/PracticeQuestion/03EmployeeManagementSystem/" />
  <Folder Name="/PracticeQuestion/03EmployeeManagementSystem/EmployeeManagementSystem/">
    <Project Path="PracticeQuestion/03EmployeeManagementSystem/EmployeeManagementSystem/EMS.csproj" />
  </Folder>
  <Folder Name="/PracticeQuestion/04RestaurantMenuManagement/" />
  <Folder Name="/PracticeQuestion/04RestaurantMenuManagement/RestaurantMenuManagement/">
    <Project Path="PracticeQuestion/04RestaurantMenuManagement/RestaurantMenuManagement/RMM.csproj" />
  </Folder>
  <Folder Name="/PracticeQuestion/05ECommerceProductCatalog/" />
  <Folder Name="/PracticeQuestion/05ECommerceProductCatalog/ECommerceProductCatalog/">
    <Project Path="PracticeQuestion/05ECommerceProductCatalog/ECommerceProductCatalog/EPC.csproj" />
  </Folder>
  <Folder Name="/PracticeQuestion/06StudentGradeManagement/" />
  <Folder Name="/PracticeQuestion/06StudentGradeManagement/StudentGradeManagement/">
    <Project Path="PracticeQuestion/06StudentGradeManagement/StudentGradeManagement/SGM.csproj" />
  </Folder>
  <Folder Name="/PracticeQuestion/07MovieTheatreBooking/">
    <Project Path="PracticeQuestion/07MovieTheatreBooking/MovieTheatreBooking.csproj" />
  </Folder>
  <Folder Name="/PracticeQuestion/08GymMembershipManagement/">
    <Project Path="PracticeQuestion/08GymMembershipManagement/GymMembershipManagement.csproj" />
  </Folder>
  <Folder Name="/PracticeQuestion/09CarRentalAgency/">
    <Project Path="PracticeQuestion/09CarRentalAgency/CarRentalAgency.csproj" />
  </Folder>
  <Folder Name="/PracticeQuestion/10HospitalPatientManagement/">
    <Project Path="PracticeQuestion/10HospitalPatientManagement/HospitalPatientManagement.csproj" />
  </Folder>
  <Folder Name="/PracticeQuestion/11OnlineFoodDelivery/">
    <Project Path="PracticeQuestion/11OnlineFoodDelivery/OnlineFoodDelivery.csproj" />
  </Folder>
  <Folder Name="/PracticeQuestion/12MusicStreamingService/">
    <Project Path="PracticeQuestion/12MusicStreamingService/MusicStreamingService.csproj" />
  </Folder>
  <Folder Name="/PracticeQuestion/13BankAccountManagement/">
    <Project Path="PracticeQuestion/13BankAccountManagement/BankAccountManagement.csproj" />
  </Folder>
  <Folder Name="/PracticeQuestion/14FlightBookingSystem/">
    <Project Path="PracticeQuestion/14FlightBookingSystem/FlightBookingSystem.csproj" />
  </Folder>
  <Folder Name="/PracticeQuestion/15TaskManagementSystem/">
    <Project Path="PracticeQuestion/15TaskManagementSystem/TaskManagementSystem.csproj" />
  </Folder>
  <Folder Name="/PracticeQuestion/16ELearningPlatform/">
    <Project Path="PracticeQuestion/16ELearningPlatform/ELearningPlatform.csproj" />
  </Folder>
  <Folder Name="/PracticeQuestion/17InventoryStockManagement/">
    <Project Path="PracticeQuestion/17InventoryStockManagement/InventoryStockManagement.csproj" />
  </Folder>
  <Folder Name="/PracticeQuestion/18EventManagementSystem/">
    <Project Path="PracticeQuestion/18EventManagementSystem/EventManagementSystem.csproj" />
  </Folder>
  <Folder Name="/PracticeQuestion/19CourierDeliveryTracking/">
    <Project Path="PracticeQuestion/19CourierDeliveryTracking/CourierDeliveryTracking.csproj" />
  </Folder>
  <Folder Name="/PracticeQuestion/20RealEstatePropertyManagement/">
    <Project Path="PracticeQuestion/20RealEstatePropertyManagement/RealEstatePropertyManagement.csproj" />
  </Folder>
  <Folder Name="/PracticeQuestion/21SocialMediaPostManagement/">
    <Project Path="PracticeQuestion/21SocialMediaPostManagement/SocialMediaPostManagement.csproj" />
  </Folder>
  <Folder Name="/PracticeQuestion/String/">
    <Project Path="PracticeQuestion/String/Ques.csproj" />
  </Folder>
  <Folder Name="/StrinPracQuestions12Feb/">
    <Project Path="StrinPracQuestions12Feb/Prac.csproj" />
  </Folder>
  <Folder Name="/UniverSity Course Registration System/">
    <Project Path="ScenarioBased10Feb/UniverSity Course Registration System/UniverSity Course Registration System/UniverSity Course Registration System.csproj" />
  </Folder>
  <Project Path="Day-28.2-CollectionModerate/Day-28.2-CollectionModerate.csproj" />
  <Project Path="ScenarioBased10Feb/ScenarioBased10Feb.csproj" />
</Solution>
