<Solution>
  <Project Path="ApiGateWay/ApiGateWay.csproj" Id="62a45fac-1d7a-4073-a4ff-e0e020823fe5" />
  <Project Path="Cart/Cart.csproj" />
  <Project Path="Catalog/Catalog.csproj" />
  <Project Path="Home/Home.csproj" />
  <Project Path="Notification/Notification.csproj" />
  <Project Path="Payment/Payment.csproj" />
</Solution>
